
Microsoft Visual Studio Solution File, Format Version 12.00
# Visual Studio Version 17
VisualStudioVersion = 17.14.36511.14
MinimumVisualStudioVersion = 10.0.40219.1
Project("{9A19103F-16F7-4668-BE54-9A1E7A4F7556}") = "DSCapService", "DSCapService\DSCapService.csproj", "{1342D723-458E-489C-9ACC-817E96A1269C}"
	ProjectSection(ProjectDependencies) = postProject
		{595809BC-FF40-47D1-8783-6B9D2E2042E6} = {595809BC-FF40-47D1-8783-6B9D2E2042E6}
		{9D30E17C-C4DE-4998-8FC0-CF0373E5D492} = {9D30E17C-C4DE-4998-8FC0-CF0373E5D492}
	EndProjectSection
EndProject
Project("{9A19103F-16F7-4668-BE54-9A1E7A4F7556}") = "DSCapService.Core", "DSCapService.Core\DSCapService.Core.csproj", "{595809BC-FF40-47D1-8783-6B9D2E2042E6}"
EndProject
Project("{9A19103F-16F7-4668-BE54-9A1E7A4F7556}") = "DSCapService.Infrastructure", "DSCapService.Infrastructure\DSCapService.Infrastructure.csproj", "{9D30E17C-C4DE-4998-8FC0-CF0373E5D492}"
	ProjectSection(ProjectDependencies) = postProject
		{595809BC-FF40-47D1-8783-6B9D2E2042E6} = {595809BC-FF40-47D1-8783-6B9D2E2042E6}
	EndProjectSection
EndProject
Project("{FAE04EC0-301F-11D3-BF4B-00C04F79EFBC}") = "DSCapService.Realtime", "DSCapService.Realtime\DSCapService.Realtime.csproj", "{A88FE83C-B97E-4128-A004-251429415B38}"
	ProjectSection(ProjectDependencies) = postProject
		{595809BC-FF40-47D1-8783-6B9D2E2042E6} = {595809BC-FF40-47D1-8783-6B9D2E2042E6}
	EndProjectSection
EndProject
Global
	GlobalSection(SolutionConfigurationPlatforms) = preSolution
		Debug|Any CPU = Debug|Any CPU
		Release|Any CPU = Release|Any CPU
	EndGlobalSection
	GlobalSection(ProjectConfigurationPlatforms) = postSolution
		{1342D723-458E-489C-9ACC-817E96A1269C}.Debug|Any CPU.ActiveCfg = Debug|Any CPU
		{1342D723-458E-489C-9ACC-817E96A1269C}.Debug|Any CPU.Build.0 = Debug|Any CPU
		{1342D723-458E-489C-9ACC-817E96A1269C}.Release|Any CPU.ActiveCfg = Release|Any CPU
		{1342D723-458E-489C-9ACC-817E96A1269C}.Release|Any CPU.Build.0 = Release|Any CPU
		{595809BC-FF40-47D1-8783-6B9D2E2042E6}.Debug|Any CPU.ActiveCfg = Debug|Any CPU
		{595809BC-FF40-47D1-8783-6B9D2E2042E6}.Debug|Any CPU.Build.0 = Debug|Any CPU
		{595809BC-FF40-47D1-8783-6B9D2E2042E6}.Release|Any CPU.ActiveCfg = Release|Any CPU
		{595809BC-FF40-47D1-8783-6B9D2E2042E6}.Release|Any CPU.Build.0 = Release|Any CPU
		{9D30E17C-C4DE-4998-8FC0-CF0373E5D492}.Debug|Any CPU.ActiveCfg = Debug|Any CPU
		{9D30E17C-C4DE-4998-8FC0-CF0373E5D492}.Debug|Any CPU.Build.0 = Debug|Any CPU
		{9D30E17C-C4DE-4998-8FC0-CF0373E5D492}.Release|Any CPU.ActiveCfg = Release|Any CPU
		{9D30E17C-C4DE-4998-8FC0-CF0373E5D492}.Release|Any CPU.Build.0 = Release|Any CPU
		{A88FE83C-B97E-4128-A004-251429415B38}.Debug|Any CPU.ActiveCfg = Debug|Any CPU
		{A88FE83C-B97E-4128-A004-251429415B38}.Debug|Any CPU.Build.0 = Debug|Any CPU
		{A88FE83C-B97E-4128-A004-251429415B38}.Release|Any CPU.ActiveCfg = Release|Any CPU
		{A88FE83C-B97E-4128-A004-251429415B38}.Release|Any CPU.Build.0 = Release|Any CPU
	EndGlobalSection
	GlobalSection(SolutionProperties) = preSolution
		HideSolutionNode = FALSE
	EndGlobalSection
	GlobalSection(ExtensibilityGlobals) = postSolution
		SolutionGuid = {BE989795-F863-4980-A43E-162277D7BBD6}
	EndGlobalSection
EndGlobal
